<?xml version="1.0" encoding="UTF-8" standalone="yes" ?>
<CodeBlocks_project_file>
   <FileVersion major="1" minor="6" />
   <Project>
      <Option title="BoostASIOTests" />
      <Option makefile_is_custom="1" />
      <Option compiler="gcc" />
      <Option virtualFolders="CMake Files\;" />
      <Build>
      <Target title="all">
         <Option working_dir="/home/tysik/Projekty/boost_asio_tests/build-boost_asio_tests-Desktop-Default" />
         <Option type="4" />
         <MakeCommands>
            <Build command="/usr/bin/make -f &quot;/home/tysik/Projekty/boost_asio_tests/build-boost_asio_tests-Desktop-Default/Makefile&quot;  VERBOSE=1 all" />
            <CompileFile command="/usr/bin/make -f &quot;/home/tysik/Projekty/boost_asio_tests/build-boost_asio_tests-Desktop-Default/Makefile&quot;  VERBOSE=1 &quot;$file&quot;" />
            <Clean command="/usr/bin/make -f &quot;/home/tysik/Projekty/boost_asio_tests/build-boost_asio_tests-Desktop-Default/Makefile&quot;  VERBOSE=1 clean" />
            <DistClean command="/usr/bin/make -f &quot;/home/tysik/Projekty/boost_asio_tests/build-boost_asio_tests-Desktop-Default/Makefile&quot;  VERBOSE=1 clean" />
         </MakeCommands>
      </Target>
      <Target title="rebuild_cache">
         <Option working_dir="/home/tysik/Projekty/boost_asio_tests/build-boost_asio_tests-Desktop-Default" />
         <Option type="4" />
         <MakeCommands>
            <Build command="/usr/bin/make -f &quot;/home/tysik/Projekty/boost_asio_tests/build-boost_asio_tests-Desktop-Default/Makefile&quot;  VERBOSE=1 rebuild_cache" />
            <CompileFile command="/usr/bin/make -f &quot;/home/tysik/Projekty/boost_asio_tests/build-boost_asio_tests-Desktop-Default/Makefile&quot;  VERBOSE=1 &quot;$file&quot;" />
            <Clean command="/usr/bin/make -f &quot;/home/tysik/Projekty/boost_asio_tests/build-boost_asio_tests-Desktop-Default/Makefile&quot;  VERBOSE=1 clean" />
            <DistClean command="/usr/bin/make -f &quot;/home/tysik/Projekty/boost_asio_tests/build-boost_asio_tests-Desktop-Default/Makefile&quot;  VERBOSE=1 clean" />
         </MakeCommands>
      </Target>
      <Target title="daytime6">
         <Option output="/home/tysik/Projekty/boost_asio_tests/build-boost_asio_tests-Desktop-Default/daytime6" prefix_auto="0" extension_auto="0" />
         <Option working_dir="/home/tysik/Projekty/boost_asio_tests/build-boost_asio_tests-Desktop-Default" />
         <Option object_output="./" />
         <Option type="1" />
         <Option compiler="gcc" />
         <Compiler>
            <Add directory="/usr/include" />
            <Add directory="/usr/include/c++/5" />
            <Add directory="/usr/include/c++/5/backward" />
            <Add directory="/usr/include/x86_64-linux-gnu" />
            <Add directory="/usr/include/x86_64-linux-gnu/c++/5" />
            <Add directory="/usr/lib/gcc/x86_64-linux-gnu/5/include" />
            <Add directory="/usr/lib/gcc/x86_64-linux-gnu/5/include-fixed" />
            <Add directory="/usr/local/include" />
         </Compiler>
         <MakeCommands>
            <Build command="/usr/bin/make -f &quot;/home/tysik/Projekty/boost_asio_tests/build-boost_asio_tests-Desktop-Default/Makefile&quot;  VERBOSE=1 daytime6" />
            <CompileFile command="/usr/bin/make -f &quot;/home/tysik/Projekty/boost_asio_tests/build-boost_asio_tests-Desktop-Default/Makefile&quot;  VERBOSE=1 &quot;$file&quot;" />
            <Clean command="/usr/bin/make -f &quot;/home/tysik/Projekty/boost_asio_tests/build-boost_asio_tests-Desktop-Default/Makefile&quot;  VERBOSE=1 clean" />
            <DistClean command="/usr/bin/make -f &quot;/home/tysik/Projekty/boost_asio_tests/build-boost_asio_tests-Desktop-Default/Makefile&quot;  VERBOSE=1 clean" />
         </MakeCommands>
      </Target>
      <Target title="daytime6/fast">
         <Option output="/home/tysik/Projekty/boost_asio_tests/build-boost_asio_tests-Desktop-Default/daytime6" prefix_auto="0" extension_auto="0" />
         <Option working_dir="/home/tysik/Projekty/boost_asio_tests/build-boost_asio_tests-Desktop-Default" />
         <Option object_output="./" />
         <Option type="1" />
         <Option compiler="gcc" />
         <Compiler>
            <Add directory="/usr/include" />
            <Add directory="/usr/include/c++/5" />
            <Add directory="/usr/include/c++/5/backward" />
            <Add directory="/usr/include/x86_64-linux-gnu" />
            <Add directory="/usr/include/x86_64-linux-gnu/c++/5" />
            <Add directory="/usr/lib/gcc/x86_64-linux-gnu/5/include" />
            <Add directory="/usr/lib/gcc/x86_64-linux-gnu/5/include-fixed" />
            <Add directory="/usr/local/include" />
         </Compiler>
         <MakeCommands>
            <Build command="/usr/bin/make -f &quot;/home/tysik/Projekty/boost_asio_tests/build-boost_asio_tests-Desktop-Default/Makefile&quot;  VERBOSE=1 daytime6/fast" />
            <CompileFile command="/usr/bin/make -f &quot;/home/tysik/Projekty/boost_asio_tests/build-boost_asio_tests-Desktop-Default/Makefile&quot;  VERBOSE=1 &quot;$file&quot;" />
            <Clean command="/usr/bin/make -f &quot;/home/tysik/Projekty/boost_asio_tests/build-boost_asio_tests-Desktop-Default/Makefile&quot;  VERBOSE=1 clean" />
            <DistClean command="/usr/bin/make -f &quot;/home/tysik/Projekty/boost_asio_tests/build-boost_asio_tests-Desktop-Default/Makefile&quot;  VERBOSE=1 clean" />
         </MakeCommands>
      </Target>
      <Target title="timer4">
         <Option output="/home/tysik/Projekty/boost_asio_tests/build-boost_asio_tests-Desktop-Default/timer4" prefix_auto="0" extension_auto="0" />
         <Option working_dir="/home/tysik/Projekty/boost_asio_tests/build-boost_asio_tests-Desktop-Default" />
         <Option object_output="./" />
         <Option type="1" />
         <Option compiler="gcc" />
         <Compiler>
            <Add directory="/usr/include" />
            <Add directory="/usr/include/c++/5" />
            <Add directory="/usr/include/c++/5/backward" />
            <Add directory="/usr/include/x86_64-linux-gnu" />
            <Add directory="/usr/include/x86_64-linux-gnu/c++/5" />
            <Add directory="/usr/lib/gcc/x86_64-linux-gnu/5/include" />
            <Add directory="/usr/lib/gcc/x86_64-linux-gnu/5/include-fixed" />
            <Add directory="/usr/local/include" />
         </Compiler>
         <MakeCommands>
            <Build command="/usr/bin/make -f &quot;/home/tysik/Projekty/boost_asio_tests/build-boost_asio_tests-Desktop-Default/Makefile&quot;  VERBOSE=1 timer4" />
            <CompileFile command="/usr/bin/make -f &quot;/home/tysik/Projekty/boost_asio_tests/build-boost_asio_tests-Desktop-Default/Makefile&quot;  VERBOSE=1 &quot;$file&quot;" />
            <Clean command="/usr/bin/make -f &quot;/home/tysik/Projekty/boost_asio_tests/build-boost_asio_tests-Desktop-Default/Makefile&quot;  VERBOSE=1 clean" />
            <DistClean command="/usr/bin/make -f &quot;/home/tysik/Projekty/boost_asio_tests/build-boost_asio_tests-Desktop-Default/Makefile&quot;  VERBOSE=1 clean" />
         </MakeCommands>
      </Target>
      <Target title="timer4/fast">
         <Option output="/home/tysik/Projekty/boost_asio_tests/build-boost_asio_tests-Desktop-Default/timer4" prefix_auto="0" extension_auto="0" />
         <Option working_dir="/home/tysik/Projekty/boost_asio_tests/build-boost_asio_tests-Desktop-Default" />
         <Option object_output="./" />
         <Option type="1" />
         <Option compiler="gcc" />
         <Compiler>
            <Add directory="/usr/include" />
            <Add directory="/usr/include/c++/5" />
            <Add directory="/usr/include/c++/5/backward" />
            <Add directory="/usr/include/x86_64-linux-gnu" />
            <Add directory="/usr/include/x86_64-linux-gnu/c++/5" />
            <Add directory="/usr/lib/gcc/x86_64-linux-gnu/5/include" />
            <Add directory="/usr/lib/gcc/x86_64-linux-gnu/5/include-fixed" />
            <Add directory="/usr/local/include" />
         </Compiler>
         <MakeCommands>
            <Build command="/usr/bin/make -f &quot;/home/tysik/Projekty/boost_asio_tests/build-boost_asio_tests-Desktop-Default/Makefile&quot;  VERBOSE=1 timer4/fast" />
            <CompileFile command="/usr/bin/make -f &quot;/home/tysik/Projekty/boost_asio_tests/build-boost_asio_tests-Desktop-Default/Makefile&quot;  VERBOSE=1 &quot;$file&quot;" />
            <Clean command="/usr/bin/make -f &quot;/home/tysik/Projekty/boost_asio_tests/build-boost_asio_tests-Desktop-Default/Makefile&quot;  VERBOSE=1 clean" />
            <DistClean command="/usr/bin/make -f &quot;/home/tysik/Projekty/boost_asio_tests/build-boost_asio_tests-Desktop-Default/Makefile&quot;  VERBOSE=1 clean" />
         </MakeCommands>
      </Target>
      <Target title="timer1">
         <Option output="/home/tysik/Projekty/boost_asio_tests/build-boost_asio_tests-Desktop-Default/timer1" prefix_auto="0" extension_auto="0" />
         <Option working_dir="/home/tysik/Projekty/boost_asio_tests/build-boost_asio_tests-Desktop-Default" />
         <Option object_output="./" />
         <Option type="1" />
         <Option compiler="gcc" />
         <Compiler>
            <Add directory="/usr/include" />
            <Add directory="/usr/include/c++/5" />
            <Add directory="/usr/include/c++/5/backward" />
            <Add directory="/usr/include/x86_64-linux-gnu" />
            <Add directory="/usr/include/x86_64-linux-gnu/c++/5" />
            <Add directory="/usr/lib/gcc/x86_64-linux-gnu/5/include" />
            <Add directory="/usr/lib/gcc/x86_64-linux-gnu/5/include-fixed" />
            <Add directory="/usr/local/include" />
         </Compiler>
         <MakeCommands>
            <Build command="/usr/bin/make -f &quot;/home/tysik/Projekty/boost_asio_tests/build-boost_asio_tests-Desktop-Default/Makefile&quot;  VERBOSE=1 timer1" />
            <CompileFile command="/usr/bin/make -f &quot;/home/tysik/Projekty/boost_asio_tests/build-boost_asio_tests-Desktop-Default/Makefile&quot;  VERBOSE=1 &quot;$file&quot;" />
            <Clean command="/usr/bin/make -f &quot;/home/tysik/Projekty/boost_asio_tests/build-boost_asio_tests-Desktop-Default/Makefile&quot;  VERBOSE=1 clean" />
            <DistClean command="/usr/bin/make -f &quot;/home/tysik/Projekty/boost_asio_tests/build-boost_asio_tests-Desktop-Default/Makefile&quot;  VERBOSE=1 clean" />
         </MakeCommands>
      </Target>
      <Target title="timer1/fast">
         <Option output="/home/tysik/Projekty/boost_asio_tests/build-boost_asio_tests-Desktop-Default/timer1" prefix_auto="0" extension_auto="0" />
         <Option working_dir="/home/tysik/Projekty/boost_asio_tests/build-boost_asio_tests-Desktop-Default" />
         <Option object_output="./" />
         <Option type="1" />
         <Option compiler="gcc" />
         <Compiler>
            <Add directory="/usr/include" />
            <Add directory="/usr/include/c++/5" />
            <Add directory="/usr/include/c++/5/backward" />
            <Add directory="/usr/include/x86_64-linux-gnu" />
            <Add directory="/usr/include/x86_64-linux-gnu/c++/5" />
            <Add directory="/usr/lib/gcc/x86_64-linux-gnu/5/include" />
            <Add directory="/usr/lib/gcc/x86_64-linux-gnu/5/include-fixed" />
            <Add directory="/usr/local/include" />
         </Compiler>
         <MakeCommands>
            <Build command="/usr/bin/make -f &quot;/home/tysik/Projekty/boost_asio_tests/build-boost_asio_tests-Desktop-Default/Makefile&quot;  VERBOSE=1 timer1/fast" />
            <CompileFile command="/usr/bin/make -f &quot;/home/tysik/Projekty/boost_asio_tests/build-boost_asio_tests-Desktop-Default/Makefile&quot;  VERBOSE=1 &quot;$file&quot;" />
            <Clean command="/usr/bin/make -f &quot;/home/tysik/Projekty/boost_asio_tests/build-boost_asio_tests-Desktop-Default/Makefile&quot;  VERBOSE=1 clean" />
            <DistClean command="/usr/bin/make -f &quot;/home/tysik/Projekty/boost_asio_tests/build-boost_asio_tests-Desktop-Default/Makefile&quot;  VERBOSE=1 clean" />
         </MakeCommands>
      </Target>
      <Target title="timer2">
         <Option output="/home/tysik/Projekty/boost_asio_tests/build-boost_asio_tests-Desktop-Default/timer2" prefix_auto="0" extension_auto="0" />
         <Option working_dir="/home/tysik/Projekty/boost_asio_tests/build-boost_asio_tests-Desktop-Default" />
         <Option object_output="./" />
         <Option type="1" />
         <Option compiler="gcc" />
         <Compiler>
            <Add directory="/usr/include" />
            <Add directory="/usr/include/c++/5" />
            <Add directory="/usr/include/c++/5/backward" />
            <Add directory="/usr/include/x86_64-linux-gnu" />
            <Add directory="/usr/include/x86_64-linux-gnu/c++/5" />
            <Add directory="/usr/lib/gcc/x86_64-linux-gnu/5/include" />
            <Add directory="/usr/lib/gcc/x86_64-linux-gnu/5/include-fixed" />
            <Add directory="/usr/local/include" />
         </Compiler>
         <MakeCommands>
            <Build command="/usr/bin/make -f &quot;/home/tysik/Projekty/boost_asio_tests/build-boost_asio_tests-Desktop-Default/Makefile&quot;  VERBOSE=1 timer2" />
            <CompileFile command="/usr/bin/make -f &quot;/home/tysik/Projekty/boost_asio_tests/build-boost_asio_tests-Desktop-Default/Makefile&quot;  VERBOSE=1 &quot;$file&quot;" />
            <Clean command="/usr/bin/make -f &quot;/home/tysik/Projekty/boost_asio_tests/build-boost_asio_tests-Desktop-Default/Makefile&quot;  VERBOSE=1 clean" />
            <DistClean command="/usr/bin/make -f &quot;/home/tysik/Projekty/boost_asio_tests/build-boost_asio_tests-Desktop-Default/Makefile&quot;  VERBOSE=1 clean" />
         </MakeCommands>
      </Target>
      <Target title="timer2/fast">
         <Option output="/home/tysik/Projekty/boost_asio_tests/build-boost_asio_tests-Desktop-Default/timer2" prefix_auto="0" extension_auto="0" />
         <Option working_dir="/home/tysik/Projekty/boost_asio_tests/build-boost_asio_tests-Desktop-Default" />
         <Option object_output="./" />
         <Option type="1" />
         <Option compiler="gcc" />
         <Compiler>
            <Add directory="/usr/include" />
            <Add directory="/usr/include/c++/5" />
            <Add directory="/usr/include/c++/5/backward" />
            <Add directory="/usr/include/x86_64-linux-gnu" />
            <Add directory="/usr/include/x86_64-linux-gnu/c++/5" />
            <Add directory="/usr/lib/gcc/x86_64-linux-gnu/5/include" />
            <Add directory="/usr/lib/gcc/x86_64-linux-gnu/5/include-fixed" />
            <Add directory="/usr/local/include" />
         </Compiler>
         <MakeCommands>
            <Build command="/usr/bin/make -f &quot;/home/tysik/Projekty/boost_asio_tests/build-boost_asio_tests-Desktop-Default/Makefile&quot;  VERBOSE=1 timer2/fast" />
            <CompileFile command="/usr/bin/make -f &quot;/home/tysik/Projekty/boost_asio_tests/build-boost_asio_tests-Desktop-Default/Makefile&quot;  VERBOSE=1 &quot;$file&quot;" />
            <Clean command="/usr/bin/make -f &quot;/home/tysik/Projekty/boost_asio_tests/build-boost_asio_tests-Desktop-Default/Makefile&quot;  VERBOSE=1 clean" />
            <DistClean command="/usr/bin/make -f &quot;/home/tysik/Projekty/boost_asio_tests/build-boost_asio_tests-Desktop-Default/Makefile&quot;  VERBOSE=1 clean" />
         </MakeCommands>
      </Target>
      <Target title="daytime5">
         <Option output="/home/tysik/Projekty/boost_asio_tests/build-boost_asio_tests-Desktop-Default/daytime5" prefix_auto="0" extension_auto="0" />
         <Option working_dir="/home/tysik/Projekty/boost_asio_tests/build-boost_asio_tests-Desktop-Default" />
         <Option object_output="./" />
         <Option type="1" />
         <Option compiler="gcc" />
         <Compiler>
            <Add directory="/usr/include" />
            <Add directory="/usr/include/c++/5" />
            <Add directory="/usr/include/c++/5/backward" />
            <Add directory="/usr/include/x86_64-linux-gnu" />
            <Add directory="/usr/include/x86_64-linux-gnu/c++/5" />
            <Add directory="/usr/lib/gcc/x86_64-linux-gnu/5/include" />
            <Add directory="/usr/lib/gcc/x86_64-linux-gnu/5/include-fixed" />
            <Add directory="/usr/local/include" />
         </Compiler>
         <MakeCommands>
            <Build command="/usr/bin/make -f &quot;/home/tysik/Projekty/boost_asio_tests/build-boost_asio_tests-Desktop-Default/Makefile&quot;  VERBOSE=1 daytime5" />
            <CompileFile command="/usr/bin/make -f &quot;/home/tysik/Projekty/boost_asio_tests/build-boost_asio_tests-Desktop-Default/Makefile&quot;  VERBOSE=1 &quot;$file&quot;" />
            <Clean command="/usr/bin/make -f &quot;/home/tysik/Projekty/boost_asio_tests/build-boost_asio_tests-Desktop-Default/Makefile&quot;  VERBOSE=1 clean" />
            <DistClean command="/usr/bin/make -f &quot;/home/tysik/Projekty/boost_asio_tests/build-boost_asio_tests-Desktop-Default/Makefile&quot;  VERBOSE=1 clean" />
         </MakeCommands>
      </Target>
      <Target title="daytime5/fast">
         <Option output="/home/tysik/Projekty/boost_asio_tests/build-boost_asio_tests-Desktop-Default/daytime5" prefix_auto="0" extension_auto="0" />
         <Option working_dir="/home/tysik/Projekty/boost_asio_tests/build-boost_asio_tests-Desktop-Default" />
         <Option object_output="./" />
         <Option type="1" />
         <Option compiler="gcc" />
         <Compiler>
            <Add directory="/usr/include" />
            <Add directory="/usr/include/c++/5" />
            <Add directory="/usr/include/c++/5/backward" />
            <Add directory="/usr/include/x86_64-linux-gnu" />
            <Add directory="/usr/include/x86_64-linux-gnu/c++/5" />
            <Add directory="/usr/lib/gcc/x86_64-linux-gnu/5/include" />
            <Add directory="/usr/lib/gcc/x86_64-linux-gnu/5/include-fixed" />
            <Add directory="/usr/local/include" />
         </Compiler>
         <MakeCommands>
            <Build command="/usr/bin/make -f &quot;/home/tysik/Projekty/boost_asio_tests/build-boost_asio_tests-Desktop-Default/Makefile&quot;  VERBOSE=1 daytime5/fast" />
            <CompileFile command="/usr/bin/make -f &quot;/home/tysik/Projekty/boost_asio_tests/build-boost_asio_tests-Desktop-Default/Makefile&quot;  VERBOSE=1 &quot;$file&quot;" />
            <Clean command="/usr/bin/make -f &quot;/home/tysik/Projekty/boost_asio_tests/build-boost_asio_tests-Desktop-Default/Makefile&quot;  VERBOSE=1 clean" />
            <DistClean command="/usr/bin/make -f &quot;/home/tysik/Projekty/boost_asio_tests/build-boost_asio_tests-Desktop-Default/Makefile&quot;  VERBOSE=1 clean" />
         </MakeCommands>
      </Target>
      <Target title="daytime1">
         <Option output="/home/tysik/Projekty/boost_asio_tests/build-boost_asio_tests-Desktop-Default/daytime1" prefix_auto="0" extension_auto="0" />
         <Option working_dir="/home/tysik/Projekty/boost_asio_tests/build-boost_asio_tests-Desktop-Default" />
         <Option object_output="./" />
         <Option type="1" />
         <Option compiler="gcc" />
         <Compiler>
            <Add directory="/usr/include" />
            <Add directory="/usr/include/c++/5" />
            <Add directory="/usr/include/c++/5/backward" />
            <Add directory="/usr/include/x86_64-linux-gnu" />
            <Add directory="/usr/include/x86_64-linux-gnu/c++/5" />
            <Add directory="/usr/lib/gcc/x86_64-linux-gnu/5/include" />
            <Add directory="/usr/lib/gcc/x86_64-linux-gnu/5/include-fixed" />
            <Add directory="/usr/local/include" />
         </Compiler>
         <MakeCommands>
            <Build command="/usr/bin/make -f &quot;/home/tysik/Projekty/boost_asio_tests/build-boost_asio_tests-Desktop-Default/Makefile&quot;  VERBOSE=1 daytime1" />
            <CompileFile command="/usr/bin/make -f &quot;/home/tysik/Projekty/boost_asio_tests/build-boost_asio_tests-Desktop-Default/Makefile&quot;  VERBOSE=1 &quot;$file&quot;" />
            <Clean command="/usr/bin/make -f &quot;/home/tysik/Projekty/boost_asio_tests/build-boost_asio_tests-Desktop-Default/Makefile&quot;  VERBOSE=1 clean" />
            <DistClean command="/usr/bin/make -f &quot;/home/tysik/Projekty/boost_asio_tests/build-boost_asio_tests-Desktop-Default/Makefile&quot;  VERBOSE=1 clean" />
         </MakeCommands>
      </Target>
      <Target title="daytime1/fast">
         <Option output="/home/tysik/Projekty/boost_asio_tests/build-boost_asio_tests-Desktop-Default/daytime1" prefix_auto="0" extension_auto="0" />
         <Option working_dir="/home/tysik/Projekty/boost_asio_tests/build-boost_asio_tests-Desktop-Default" />
         <Option object_output="./" />
         <Option type="1" />
         <Option compiler="gcc" />
         <Compiler>
            <Add directory="/usr/include" />
            <Add directory="/usr/include/c++/5" />
            <Add directory="/usr/include/c++/5/backward" />
            <Add directory="/usr/include/x86_64-linux-gnu" />
            <Add directory="/usr/include/x86_64-linux-gnu/c++/5" />
            <Add directory="/usr/lib/gcc/x86_64-linux-gnu/5/include" />
            <Add directory="/usr/lib/gcc/x86_64-linux-gnu/5/include-fixed" />
            <Add directory="/usr/local/include" />
         </Compiler>
         <MakeCommands>
            <Build command="/usr/bin/make -f &quot;/home/tysik/Projekty/boost_asio_tests/build-boost_asio_tests-Desktop-Default/Makefile&quot;  VERBOSE=1 daytime1/fast" />
            <CompileFile command="/usr/bin/make -f &quot;/home/tysik/Projekty/boost_asio_tests/build-boost_asio_tests-Desktop-Default/Makefile&quot;  VERBOSE=1 &quot;$file&quot;" />
            <Clean command="/usr/bin/make -f &quot;/home/tysik/Projekty/boost_asio_tests/build-boost_asio_tests-Desktop-Default/Makefile&quot;  VERBOSE=1 clean" />
            <DistClean command="/usr/bin/make -f &quot;/home/tysik/Projekty/boost_asio_tests/build-boost_asio_tests-Desktop-Default/Makefile&quot;  VERBOSE=1 clean" />
         </MakeCommands>
      </Target>
      <Target title="daytime2">
         <Option output="/home/tysik/Projekty/boost_asio_tests/build-boost_asio_tests-Desktop-Default/daytime2" prefix_auto="0" extension_auto="0" />
         <Option working_dir="/home/tysik/Projekty/boost_asio_tests/build-boost_asio_tests-Desktop-Default" />
         <Option object_output="./" />
         <Option type="1" />
         <Option compiler="gcc" />
         <Compiler>
            <Add directory="/usr/include" />
            <Add directory="/usr/include/c++/5" />
            <Add directory="/usr/include/c++/5/backward" />
            <Add directory="/usr/include/x86_64-linux-gnu" />
            <Add directory="/usr/include/x86_64-linux-gnu/c++/5" />
            <Add directory="/usr/lib/gcc/x86_64-linux-gnu/5/include" />
            <Add directory="/usr/lib/gcc/x86_64-linux-gnu/5/include-fixed" />
            <Add directory="/usr/local/include" />
         </Compiler>
         <MakeCommands>
            <Build command="/usr/bin/make -f &quot;/home/tysik/Projekty/boost_asio_tests/build-boost_asio_tests-Desktop-Default/Makefile&quot;  VERBOSE=1 daytime2" />
            <CompileFile command="/usr/bin/make -f &quot;/home/tysik/Projekty/boost_asio_tests/build-boost_asio_tests-Desktop-Default/Makefile&quot;  VERBOSE=1 &quot;$file&quot;" />
            <Clean command="/usr/bin/make -f &quot;/home/tysik/Projekty/boost_asio_tests/build-boost_asio_tests-Desktop-Default/Makefile&quot;  VERBOSE=1 clean" />
            <DistClean command="/usr/bin/make -f &quot;/home/tysik/Projekty/boost_asio_tests/build-boost_asio_tests-Desktop-Default/Makefile&quot;  VERBOSE=1 clean" />
         </MakeCommands>
      </Target>
      <Target title="daytime2/fast">
         <Option output="/home/tysik/Projekty/boost_asio_tests/build-boost_asio_tests-Desktop-Default/daytime2" prefix_auto="0" extension_auto="0" />
         <Option working_dir="/home/tysik/Projekty/boost_asio_tests/build-boost_asio_tests-Desktop-Default" />
         <Option object_output="./" />
         <Option type="1" />
         <Option compiler="gcc" />
         <Compiler>
            <Add directory="/usr/include" />
            <Add directory="/usr/include/c++/5" />
            <Add directory="/usr/include/c++/5/backward" />
            <Add directory="/usr/include/x86_64-linux-gnu" />
            <Add directory="/usr/include/x86_64-linux-gnu/c++/5" />
            <Add directory="/usr/lib/gcc/x86_64-linux-gnu/5/include" />
            <Add directory="/usr/lib/gcc/x86_64-linux-gnu/5/include-fixed" />
            <Add directory="/usr/local/include" />
         </Compiler>
         <MakeCommands>
            <Build command="/usr/bin/make -f &quot;/home/tysik/Projekty/boost_asio_tests/build-boost_asio_tests-Desktop-Default/Makefile&quot;  VERBOSE=1 daytime2/fast" />
            <CompileFile command="/usr/bin/make -f &quot;/home/tysik/Projekty/boost_asio_tests/build-boost_asio_tests-Desktop-Default/Makefile&quot;  VERBOSE=1 &quot;$file&quot;" />
            <Clean command="/usr/bin/make -f &quot;/home/tysik/Projekty/boost_asio_tests/build-boost_asio_tests-Desktop-Default/Makefile&quot;  VERBOSE=1 clean" />
            <DistClean command="/usr/bin/make -f &quot;/home/tysik/Projekty/boost_asio_tests/build-boost_asio_tests-Desktop-Default/Makefile&quot;  VERBOSE=1 clean" />
         </MakeCommands>
      </Target>
      <Target title="timer3">
         <Option output="/home/tysik/Projekty/boost_asio_tests/build-boost_asio_tests-Desktop-Default/timer3" prefix_auto="0" extension_auto="0" />
         <Option working_dir="/home/tysik/Projekty/boost_asio_tests/build-boost_asio_tests-Desktop-Default" />
         <Option object_output="./" />
         <Option type="1" />
         <Option compiler="gcc" />
         <Compiler>
            <Add directory="/usr/include" />
            <Add directory="/usr/include/c++/5" />
            <Add directory="/usr/include/c++/5/backward" />
            <Add directory="/usr/include/x86_64-linux-gnu" />
            <Add directory="/usr/include/x86_64-linux-gnu/c++/5" />
            <Add directory="/usr/lib/gcc/x86_64-linux-gnu/5/include" />
            <Add directory="/usr/lib/gcc/x86_64-linux-gnu/5/include-fixed" />
            <Add directory="/usr/local/include" />
         </Compiler>
         <MakeCommands>
            <Build command="/usr/bin/make -f &quot;/home/tysik/Projekty/boost_asio_tests/build-boost_asio_tests-Desktop-Default/Makefile&quot;  VERBOSE=1 timer3" />
            <CompileFile command="/usr/bin/make -f &quot;/home/tysik/Projekty/boost_asio_tests/build-boost_asio_tests-Desktop-Default/Makefile&quot;  VERBOSE=1 &quot;$file&quot;" />
            <Clean command="/usr/bin/make -f &quot;/home/tysik/Projekty/boost_asio_tests/build-boost_asio_tests-Desktop-Default/Makefile&quot;  VERBOSE=1 clean" />
            <DistClean command="/usr/bin/make -f &quot;/home/tysik/Projekty/boost_asio_tests/build-boost_asio_tests-Desktop-Default/Makefile&quot;  VERBOSE=1 clean" />
         </MakeCommands>
      </Target>
      <Target title="timer3/fast">
         <Option output="/home/tysik/Projekty/boost_asio_tests/build-boost_asio_tests-Desktop-Default/timer3" prefix_auto="0" extension_auto="0" />
         <Option working_dir="/home/tysik/Projekty/boost_asio_tests/build-boost_asio_tests-Desktop-Default" />
         <Option object_output="./" />
         <Option type="1" />
         <Option compiler="gcc" />
         <Compiler>
            <Add directory="/usr/include" />
            <Add directory="/usr/include/c++/5" />
            <Add directory="/usr/include/c++/5/backward" />
            <Add directory="/usr/include/x86_64-linux-gnu" />
            <Add directory="/usr/include/x86_64-linux-gnu/c++/5" />
            <Add directory="/usr/lib/gcc/x86_64-linux-gnu/5/include" />
            <Add directory="/usr/lib/gcc/x86_64-linux-gnu/5/include-fixed" />
            <Add directory="/usr/local/include" />
         </Compiler>
         <MakeCommands>
            <Build command="/usr/bin/make -f &quot;/home/tysik/Projekty/boost_asio_tests/build-boost_asio_tests-Desktop-Default/Makefile&quot;  VERBOSE=1 timer3/fast" />
            <CompileFile command="/usr/bin/make -f &quot;/home/tysik/Projekty/boost_asio_tests/build-boost_asio_tests-Desktop-Default/Makefile&quot;  VERBOSE=1 &quot;$file&quot;" />
            <Clean command="/usr/bin/make -f &quot;/home/tysik/Projekty/boost_asio_tests/build-boost_asio_tests-Desktop-Default/Makefile&quot;  VERBOSE=1 clean" />
            <DistClean command="/usr/bin/make -f &quot;/home/tysik/Projekty/boost_asio_tests/build-boost_asio_tests-Desktop-Default/Makefile&quot;  VERBOSE=1 clean" />
         </MakeCommands>
      </Target>
      <Target title="daytime3">
         <Option output="/home/tysik/Projekty/boost_asio_tests/build-boost_asio_tests-Desktop-Default/daytime3" prefix_auto="0" extension_auto="0" />
         <Option working_dir="/home/tysik/Projekty/boost_asio_tests/build-boost_asio_tests-Desktop-Default" />
         <Option object_output="./" />
         <Option type="1" />
         <Option compiler="gcc" />
         <Compiler>
            <Add directory="/usr/include" />
            <Add directory="/usr/include/c++/5" />
            <Add directory="/usr/include/c++/5/backward" />
            <Add directory="/usr/include/x86_64-linux-gnu" />
            <Add directory="/usr/include/x86_64-linux-gnu/c++/5" />
            <Add directory="/usr/lib/gcc/x86_64-linux-gnu/5/include" />
            <Add directory="/usr/lib/gcc/x86_64-linux-gnu/5/include-fixed" />
            <Add directory="/usr/local/include" />
         </Compiler>
         <MakeCommands>
            <Build command="/usr/bin/make -f &quot;/home/tysik/Projekty/boost_asio_tests/build-boost_asio_tests-Desktop-Default/Makefile&quot;  VERBOSE=1 daytime3" />
            <CompileFile command="/usr/bin/make -f &quot;/home/tysik/Projekty/boost_asio_tests/build-boost_asio_tests-Desktop-Default/Makefile&quot;  VERBOSE=1 &quot;$file&quot;" />
            <Clean command="/usr/bin/make -f &quot;/home/tysik/Projekty/boost_asio_tests/build-boost_asio_tests-Desktop-Default/Makefile&quot;  VERBOSE=1 clean" />
            <DistClean command="/usr/bin/make -f &quot;/home/tysik/Projekty/boost_asio_tests/build-boost_asio_tests-Desktop-Default/Makefile&quot;  VERBOSE=1 clean" />
         </MakeCommands>
      </Target>
      <Target title="daytime3/fast">
         <Option output="/home/tysik/Projekty/boost_asio_tests/build-boost_asio_tests-Desktop-Default/daytime3" prefix_auto="0" extension_auto="0" />
         <Option working_dir="/home/tysik/Projekty/boost_asio_tests/build-boost_asio_tests-Desktop-Default" />
         <Option object_output="./" />
         <Option type="1" />
         <Option compiler="gcc" />
         <Compiler>
            <Add directory="/usr/include" />
            <Add directory="/usr/include/c++/5" />
            <Add directory="/usr/include/c++/5/backward" />
            <Add directory="/usr/include/x86_64-linux-gnu" />
            <Add directory="/usr/include/x86_64-linux-gnu/c++/5" />
            <Add directory="/usr/lib/gcc/x86_64-linux-gnu/5/include" />
            <Add directory="/usr/lib/gcc/x86_64-linux-gnu/5/include-fixed" />
            <Add directory="/usr/local/include" />
         </Compiler>
         <MakeCommands>
            <Build command="/usr/bin/make -f &quot;/home/tysik/Projekty/boost_asio_tests/build-boost_asio_tests-Desktop-Default/Makefile&quot;  VERBOSE=1 daytime3/fast" />
            <CompileFile command="/usr/bin/make -f &quot;/home/tysik/Projekty/boost_asio_tests/build-boost_asio_tests-Desktop-Default/Makefile&quot;  VERBOSE=1 &quot;$file&quot;" />
            <Clean command="/usr/bin/make -f &quot;/home/tysik/Projekty/boost_asio_tests/build-boost_asio_tests-Desktop-Default/Makefile&quot;  VERBOSE=1 clean" />
            <DistClean command="/usr/bin/make -f &quot;/home/tysik/Projekty/boost_asio_tests/build-boost_asio_tests-Desktop-Default/Makefile&quot;  VERBOSE=1 clean" />
         </MakeCommands>
      </Target>
      <Target title="edit_cache">
         <Option working_dir="/home/tysik/Projekty/boost_asio_tests/build-boost_asio_tests-Desktop-Default" />
         <Option type="4" />
         <MakeCommands>
            <Build command="/usr/bin/make -f &quot;/home/tysik/Projekty/boost_asio_tests/build-boost_asio_tests-Desktop-Default/Makefile&quot;  VERBOSE=1 edit_cache" />
            <CompileFile command="/usr/bin/make -f &quot;/home/tysik/Projekty/boost_asio_tests/build-boost_asio_tests-Desktop-Default/Makefile&quot;  VERBOSE=1 &quot;$file&quot;" />
            <Clean command="/usr/bin/make -f &quot;/home/tysik/Projekty/boost_asio_tests/build-boost_asio_tests-Desktop-Default/Makefile&quot;  VERBOSE=1 clean" />
            <DistClean command="/usr/bin/make -f &quot;/home/tysik/Projekty/boost_asio_tests/build-boost_asio_tests-Desktop-Default/Makefile&quot;  VERBOSE=1 clean" />
         </MakeCommands>
      </Target>
      <Target title="timer5">
         <Option output="/home/tysik/Projekty/boost_asio_tests/build-boost_asio_tests-Desktop-Default/timer5" prefix_auto="0" extension_auto="0" />
         <Option working_dir="/home/tysik/Projekty/boost_asio_tests/build-boost_asio_tests-Desktop-Default" />
         <Option object_output="./" />
         <Option type="1" />
         <Option compiler="gcc" />
         <Compiler>
            <Add directory="/usr/include" />
            <Add directory="/usr/include/c++/5" />
            <Add directory="/usr/include/c++/5/backward" />
            <Add directory="/usr/include/x86_64-linux-gnu" />
            <Add directory="/usr/include/x86_64-linux-gnu/c++/5" />
            <Add directory="/usr/lib/gcc/x86_64-linux-gnu/5/include" />
            <Add directory="/usr/lib/gcc/x86_64-linux-gnu/5/include-fixed" />
            <Add directory="/usr/local/include" />
         </Compiler>
         <MakeCommands>
            <Build command="/usr/bin/make -f &quot;/home/tysik/Projekty/boost_asio_tests/build-boost_asio_tests-Desktop-Default/Makefile&quot;  VERBOSE=1 timer5" />
            <CompileFile command="/usr/bin/make -f &quot;/home/tysik/Projekty/boost_asio_tests/build-boost_asio_tests-Desktop-Default/Makefile&quot;  VERBOSE=1 &quot;$file&quot;" />
            <Clean command="/usr/bin/make -f &quot;/home/tysik/Projekty/boost_asio_tests/build-boost_asio_tests-Desktop-Default/Makefile&quot;  VERBOSE=1 clean" />
            <DistClean command="/usr/bin/make -f &quot;/home/tysik/Projekty/boost_asio_tests/build-boost_asio_tests-Desktop-Default/Makefile&quot;  VERBOSE=1 clean" />
         </MakeCommands>
      </Target>
      <Target title="timer5/fast">
         <Option output="/home/tysik/Projekty/boost_asio_tests/build-boost_asio_tests-Desktop-Default/timer5" prefix_auto="0" extension_auto="0" />
         <Option working_dir="/home/tysik/Projekty/boost_asio_tests/build-boost_asio_tests-Desktop-Default" />
         <Option object_output="./" />
         <Option type="1" />
         <Option compiler="gcc" />
         <Compiler>
            <Add directory="/usr/include" />
            <Add directory="/usr/include/c++/5" />
            <Add directory="/usr/include/c++/5/backward" />
            <Add directory="/usr/include/x86_64-linux-gnu" />
            <Add directory="/usr/include/x86_64-linux-gnu/c++/5" />
            <Add directory="/usr/lib/gcc/x86_64-linux-gnu/5/include" />
            <Add directory="/usr/lib/gcc/x86_64-linux-gnu/5/include-fixed" />
            <Add directory="/usr/local/include" />
         </Compiler>
         <MakeCommands>
            <Build command="/usr/bin/make -f &quot;/home/tysik/Projekty/boost_asio_tests/build-boost_asio_tests-Desktop-Default/Makefile&quot;  VERBOSE=1 timer5/fast" />
            <CompileFile command="/usr/bin/make -f &quot;/home/tysik/Projekty/boost_asio_tests/build-boost_asio_tests-Desktop-Default/Makefile&quot;  VERBOSE=1 &quot;$file&quot;" />
            <Clean command="/usr/bin/make -f &quot;/home/tysik/Projekty/boost_asio_tests/build-boost_asio_tests-Desktop-Default/Makefile&quot;  VERBOSE=1 clean" />
            <DistClean command="/usr/bin/make -f &quot;/home/tysik/Projekty/boost_asio_tests/build-boost_asio_tests-Desktop-Default/Makefile&quot;  VERBOSE=1 clean" />
         </MakeCommands>
      </Target>
      <Target title="daytime4">
         <Option output="/home/tysik/Projekty/boost_asio_tests/build-boost_asio_tests-Desktop-Default/daytime4" prefix_auto="0" extension_auto="0" />
         <Option working_dir="/home/tysik/Projekty/boost_asio_tests/build-boost_asio_tests-Desktop-Default" />
         <Option object_output="./" />
         <Option type="1" />
         <Option compiler="gcc" />
         <Compiler>
            <Add directory="/usr/include" />
            <Add directory="/usr/include/c++/5" />
            <Add directory="/usr/include/c++/5/backward" />
            <Add directory="/usr/include/x86_64-linux-gnu" />
            <Add directory="/usr/include/x86_64-linux-gnu/c++/5" />
            <Add directory="/usr/lib/gcc/x86_64-linux-gnu/5/include" />
            <Add directory="/usr/lib/gcc/x86_64-linux-gnu/5/include-fixed" />
            <Add directory="/usr/local/include" />
         </Compiler>
         <MakeCommands>
            <Build command="/usr/bin/make -f &quot;/home/tysik/Projekty/boost_asio_tests/build-boost_asio_tests-Desktop-Default/Makefile&quot;  VERBOSE=1 daytime4" />
            <CompileFile command="/usr/bin/make -f &quot;/home/tysik/Projekty/boost_asio_tests/build-boost_asio_tests-Desktop-Default/Makefile&quot;  VERBOSE=1 &quot;$file&quot;" />
            <Clean command="/usr/bin/make -f &quot;/home/tysik/Projekty/boost_asio_tests/build-boost_asio_tests-Desktop-Default/Makefile&quot;  VERBOSE=1 clean" />
            <DistClean command="/usr/bin/make -f &quot;/home/tysik/Projekty/boost_asio_tests/build-boost_asio_tests-Desktop-Default/Makefile&quot;  VERBOSE=1 clean" />
         </MakeCommands>
      </Target>
      <Target title="daytime4/fast">
         <Option output="/home/tysik/Projekty/boost_asio_tests/build-boost_asio_tests-Desktop-Default/daytime4" prefix_auto="0" extension_auto="0" />
         <Option working_dir="/home/tysik/Projekty/boost_asio_tests/build-boost_asio_tests-Desktop-Default" />
         <Option object_output="./" />
         <Option type="1" />
         <Option compiler="gcc" />
         <Compiler>
            <Add directory="/usr/include" />
            <Add directory="/usr/include/c++/5" />
            <Add directory="/usr/include/c++/5/backward" />
            <Add directory="/usr/include/x86_64-linux-gnu" />
            <Add directory="/usr/include/x86_64-linux-gnu/c++/5" />
            <Add directory="/usr/lib/gcc/x86_64-linux-gnu/5/include" />
            <Add directory="/usr/lib/gcc/x86_64-linux-gnu/5/include-fixed" />
            <Add directory="/usr/local/include" />
         </Compiler>
         <MakeCommands>
            <Build command="/usr/bin/make -f &quot;/home/tysik/Projekty/boost_asio_tests/build-boost_asio_tests-Desktop-Default/Makefile&quot;  VERBOSE=1 daytime4/fast" />
            <CompileFile command="/usr/bin/make -f &quot;/home/tysik/Projekty/boost_asio_tests/build-boost_asio_tests-Desktop-Default/Makefile&quot;  VERBOSE=1 &quot;$file&quot;" />
            <Clean command="/usr/bin/make -f &quot;/home/tysik/Projekty/boost_asio_tests/build-boost_asio_tests-Desktop-Default/Makefile&quot;  VERBOSE=1 clean" />
            <DistClean command="/usr/bin/make -f &quot;/home/tysik/Projekty/boost_asio_tests/build-boost_asio_tests-Desktop-Default/Makefile&quot;  VERBOSE=1 clean" />
         </MakeCommands>
      </Target>
      </Build>
      <Unit filename="/home/tysik/Projekty/boost_asio_tests/daytime1.cpp">
         <Option target="daytime1"/>
      </Unit>
      <Unit filename="/home/tysik/Projekty/boost_asio_tests/daytime2.cpp">
         <Option target="daytime2"/>
      </Unit>
      <Unit filename="/home/tysik/Projekty/boost_asio_tests/daytime3.cpp">
         <Option target="daytime3"/>
      </Unit>
      <Unit filename="/home/tysik/Projekty/boost_asio_tests/daytime4.cpp">
         <Option target="daytime4"/>
      </Unit>
      <Unit filename="/home/tysik/Projekty/boost_asio_tests/daytime5.cpp">
         <Option target="daytime5"/>
      </Unit>
      <Unit filename="/home/tysik/Projekty/boost_asio_tests/daytime6.cpp">
         <Option target="daytime6"/>
      </Unit>
      <Unit filename="/home/tysik/Projekty/boost_asio_tests/timer1.cpp">
         <Option target="timer1"/>
      </Unit>
      <Unit filename="/home/tysik/Projekty/boost_asio_tests/timer2.cpp">
         <Option target="timer2"/>
      </Unit>
      <Unit filename="/home/tysik/Projekty/boost_asio_tests/timer3.cpp">
         <Option target="timer3"/>
      </Unit>
      <Unit filename="/home/tysik/Projekty/boost_asio_tests/timer4.cpp">
         <Option target="timer4"/>
      </Unit>
      <Unit filename="/home/tysik/Projekty/boost_asio_tests/timer5.cpp">
         <Option target="timer5"/>
      </Unit>
      <Unit filename="/home/tysik/Projekty/boost_asio_tests/CMakeLists.txt">
          <Option virtualFolder="CMake Files\" />
      </Unit>
   </Project>
</CodeBlocks_project_file>
